
Microsoft Visual Studio Solution File, Format Version 12.00
# Visual Studio Version 17
VisualStudioVersion = 17.6.33829.357
MinimumVisualStudioVersion = 10.0.40219.1
Project("{9A19103F-16F7-4668-BE54-9A1E7A4F7556}") = "ApiSoliDeAuto", "ApiSoliDeAuto.csproj", "{02548DB9-91C6-4569-A909-F30CF1C27EB2}"
EndProject
Project("{9A19103F-16F7-4668-BE54-9A1E7A4F7556}") = "Domain", "..\Domain\Domain.csproj", "{C71E4F56-8CBF-4657-ABAF-3FC17ADBF6A2}"
EndProject
Project("{FAE04EC0-301F-11D3-BF4B-00C04F79EFBC}") = "Application", "..\Application\Application.csproj", "{6A9910A1-B0B8-413E-B4C9-FCCD54D6EBF8}"
EndProject
Project("{FAE04EC0-301F-11D3-BF4B-00C04F79EFBC}") = "InfraEstructure", "..\InfraEstructura\InfraEstructure.csproj", "{80FD9FB4-3D34-4DEC-8AE4-095925A36BD0}"
EndProject
Global
	GlobalSection(SolutionConfigurationPlatforms) = preSolution
		Debug|Any CPU = Debug|Any CPU
		Release|Any CPU = Release|Any CPU
	EndGlobalSection
	GlobalSection(ProjectConfigurationPlatforms) = postSolution
		{02548DB9-91C6-4569-A909-F30CF1C27EB2}.Debug|Any CPU.ActiveCfg = Debug|Any CPU
		{02548DB9-91C6-4569-A909-F30CF1C27EB2}.Debug|Any CPU.Build.0 = Debug|Any CPU
		{02548DB9-91C6-4569-A909-F30CF1C27EB2}.Release|Any CPU.ActiveCfg = Release|Any CPU
		{02548DB9-91C6-4569-A909-F30CF1C27EB2}.Release|Any CPU.Build.0 = Release|Any CPU
		{C71E4F56-8CBF-4657-ABAF-3FC17ADBF6A2}.Debug|Any CPU.ActiveCfg = Debug|Any CPU
		{C71E4F56-8CBF-4657-ABAF-3FC17ADBF6A2}.Debug|Any CPU.Build.0 = Debug|Any CPU
		{C71E4F56-8CBF-4657-ABAF-3FC17ADBF6A2}.Release|Any CPU.ActiveCfg = Release|Any CPU
		{C71E4F56-8CBF-4657-ABAF-3FC17ADBF6A2}.Release|Any CPU.Build.0 = Release|Any CPU
		{6A9910A1-B0B8-413E-B4C9-FCCD54D6EBF8}.Debug|Any CPU.ActiveCfg = Debug|Any CPU
		{6A9910A1-B0B8-413E-B4C9-FCCD54D6EBF8}.Debug|Any CPU.Build.0 = Debug|Any CPU
		{6A9910A1-B0B8-413E-B4C9-FCCD54D6EBF8}.Release|Any CPU.ActiveCfg = Release|Any CPU
		{6A9910A1-B0B8-413E-B4C9-FCCD54D6EBF8}.Release|Any CPU.Build.0 = Release|Any CPU
		{80FD9FB4-3D34-4DEC-8AE4-095925A36BD0}.Debug|Any CPU.ActiveCfg = Debug|Any CPU
		{80FD9FB4-3D34-4DEC-8AE4-095925A36BD0}.Debug|Any CPU.Build.0 = Debug|Any CPU
		{80FD9FB4-3D34-4DEC-8AE4-095925A36BD0}.Release|Any CPU.ActiveCfg = Release|Any CPU
		{80FD9FB4-3D34-4DEC-8AE4-095925A36BD0}.Release|Any CPU.Build.0 = Release|Any CPU
	EndGlobalSection
	GlobalSection(SolutionProperties) = preSolution
		HideSolutionNode = FALSE
	EndGlobalSection
	GlobalSection(ExtensibilityGlobals) = postSolution
		SolutionGuid = {B5614481-27F3-47CF-AAC4-ED3868294A7A}
	EndGlobalSection
EndGlobal
